
Microsoft Visual Studio Solution File, Format Version 12.00
# Visual Studio Version 16
VisualStudioVersion = 16.0.31112.23
MinimumVisualStudioVersion = 10.0.40219.1
Project("{8BC9CEB8-8B4A-11D0-8D11-00A0C91BC942}") = "AnalyseH264Stream", "AnalyseH264Stream\AnalyseH264Stream.vcxproj", "{31B9791D-7F1C-4D48-8760-EE0C94B91796}"
EndProject
Global
	GlobalSection(SolutionConfigurationPlatforms) = preSolution
		Debug|x64 = Debug|x64
		Debug|x86 = Debug|x86
		Release|x64 = Release|x64
		Release|x86 = Release|x86
	EndGlobalSection
	GlobalSection(ProjectConfigurationPlatforms) = postSolution
		{31B9791D-7F1C-4D48-8760-EE0C94B91796}.Debug|x64.ActiveCfg = Debug|Win32
		{31B9791D-7F1C-4D48-8760-EE0C94B91796}.Debug|x64.Build.0 = Debug|Win32
		{31B9791D-7F1C-4D48-8760-EE0C94B91796}.Debug|x86.ActiveCfg = Debug|Win32
		{31B9791D-7F1C-4D48-8760-EE0C94B91796}.Debug|x86.Build.0 = Debug|Win32
		{31B9791D-7F1C-4D48-8760-EE0C94B91796}.Release|x64.ActiveCfg = Release|x64
		{31B9791D-7F1C-4D48-8760-EE0C94B91796}.Release|x64.Build.0 = Release|x64
		{31B9791D-7F1C-4D48-8760-EE0C94B91796}.Release|x86.ActiveCfg = Release|Win32
		{31B9791D-7F1C-4D48-8760-EE0C94B91796}.Release|x86.Build.0 = Release|Win32
	EndGlobalSection
	GlobalSection(SolutionProperties) = preSolution
		HideSolutionNode = FALSE
	EndGlobalSection
	GlobalSection(ExtensibilityGlobals) = postSolution
		SolutionGuid = {57C1E54F-30BA-4A83-91B4-3CA7E3A554DB}
	EndGlobalSection
EndGlobal
